// !$*UTF8*$!
{
	archiveVersion = 1;
	classes = {
	};
	objectVersion = 77;
	objects = {

/* Begin PBXContainerItemProxy section */
		81F98ADD2D9ABD5B000E90BD /* PBXContainerItemProxy */ = {
			isa = PBXContainerItemProxy;
			containerPortal = 81F98AC42D9ABD59000E90BD /* Project object */;
			proxyType = 1;
			remoteGlobalIDString = 81F98ACB2D9ABD59000E90BD;
			remoteInfo = "Movies-App";
		};
		81F98AE72D9ABD5B000E90BD /* PBXContainerItemProxy */ = {
			isa = PBXContainerItemProxy;
			containerPortal = 81F98AC42D9ABD59000E90BD /* Project object */;
			proxyType = 1;
			remoteGlobalIDString = 81F98ACB2D9ABD59000E90BD;
			remoteInfo = "Movies-App";
		};
/* End PBXContainerItemProxy section */

/* Begin PBXFileReference section */
		81F98ACC2D9ABD59000E90BD /* Movies-App.app */ = {isa = PBXFileReference; explicitFileType = wrapper.application; includeInIndex = 0; path = "Movies-App.app"; sourceTree = BUILT_PRODUCTS_DIR; };
		81F98ADC2D9ABD5B000E90BD /* Movies-AppTests.xctest */ = {isa = PBXFileReference; explicitFileType = wrapper.cfbundle; includeInIndex = 0; path = "Movies-AppTests.xctest"; sourceTree = BUILT_PRODUCTS_DIR; };
		81F98AE62D9ABD5B000E90BD /* Movies-AppUITests.xctest */ = {isa = PBXFileReference; explicitFileType = wrapper.cfbundle; includeInIndex = 0; path = "Movies-AppUITests.xctest"; sourceTree = BUILT_PRODUCTS_DIR; };
/* End PBXFileReference section */

/* Begin PBXFileSystemSynchronizedRootGroup section */
		81F98ACE2D9ABD59000E90BD /* Movies-App */ = {
			isa = PBXFileSystemSynchronizedRootGroup;
			path = "Movies-App";
			sourceTree = "<group>";
		};
		81F98ADF2D9ABD5B000E90BD /* Movies-AppTests */ = {
			isa = PBXFileSystemSynchronizedRootGroup;
			path = "Movies-AppTests";
			sourceTree = "<group>";
		};
		81F98AE92D9ABD5B000E90BD /* Movies-AppUITests */ = {
			isa = PBXFileSystemSynchronizedRootGroup;
			path = "Movies-AppUITests";
			sourceTree = "<group>";
		};
/* End PBXFileSystemSynchronizedRootGroup section */

/* Begin PBXFrameworksBuildPhase section */
		81F98AC92D9ABD59000E90BD /* Frameworks */ = {
			isa = PBXFrameworksBuildPhase;
			buildActionMask = 2147483647;
			files = (
			);
			runOnlyForDeploymentPostprocessing = 0;
		};
		81F98AD92D9ABD5B000E90BD /* Frameworks */ = {
			isa = PBXFrameworksBuildPhase;
			buildActionMask = 2147483647;
			files = (
			);
			runOnlyForDeploymentPostprocessing = 0;
		};
		81F98AE32D9ABD5B000E90BD /* Frameworks */ = {
			isa = PBXFrameworksBuildPhase;
			buildActionMask = 2147483647;
			files = (
			);
			runOnlyForDeploymentPostprocessing = 0;
		};
/* End PBXFrameworksBuildPhase section */

/* Begin PBXGroup section */
		81F98AC32D9ABD59000E90BD = {
			isa = PBXGroup;
			children = (
				81F98ACE2D9ABD59000E90BD /* Movies-App */,
				81F98ADF2D9ABD5B000E90BD /* Movies-AppTests */,
				81F98AE92D9ABD5B000E90BD /* Movies-AppUITests */,
				81F98ACD2D9ABD59000E90BD /* Products */,
			);
			sourceTree = "<group>";
		};
		81F98ACD2D9ABD59000E90BD /* Products */ = {
			isa = PBXGroup;
			children = (
				81F98ACC2D9ABD59000E90BD /* Movies-App.app */,
				81F98ADC2D9ABD5B000E90BD /* Movies-AppTests.xctest */,
				81F98AE62D9ABD5B000E90BD /* Movies-AppUITests.xctest */,
			);
			name = Products;
			sourceTree = "<group>";
		};
/* End PBXGroup section */

/* Begin PBXNativeTarget section */
		81F98ACB2D9ABD59000E90BD /* Movies-App */ = {
			isa = PBXNativeTarget;
			buildConfigurationList = 81F98AF02D9ABD5B000E90BD /* Build configuration list for PBXNativeTarget "Movies-App" */;
			buildPhases = (
				81F98AC82D9ABD59000E90BD /* Sources */,
				81F98AC92D9ABD59000E90BD /* Frameworks */,
				81F98ACA2D9ABD59000E90BD /* Resources */,
			);
			buildRules = (
			);
			dependencies = (
			);
			fileSystemSynchronizedGroups = (
				81F98ACE2D9ABD59000E90BD /* Movies-App */,
			);
			name = "Movies-App";
			packageProductDependencies = (
			);
			productName = "Movies-App";
			productReference = 81F98ACC2D9ABD59000E90BD /* Movies-App.app */;
			productType = "com.apple.product-type.application";
		};
		81F98ADB2D9ABD5B000E90BD /* Movies-AppTests */ = {
			isa = PBXNativeTarget;
			buildConfigurationList = 81F98AF32D9ABD5B000E90BD /* Build configuration list for PBXNativeTarget "Movies-AppTests" */;
			buildPhases = (
				81F98AD82D9ABD5B000E90BD /* Sources */,
				81F98AD92D9ABD5B000E90BD /* Frameworks */,
				81F98ADA2D9ABD5B000E90BD /* Resources */,
			);
			buildRules = (
			);
			dependencies = (
				81F98ADE2D9ABD5B000E90BD /* PBXTargetDependency */,
			);
			fileSystemSynchronizedGroups = (
				81F98ADF2D9ABD5B000E90BD /* Movies-AppTests */,
			);
			name = "Movies-AppTests";
			packageProductDependencies = (
			);
			productName = "Movies-AppTests";
			productReference = 81F98ADC2D9ABD5B000E90BD /* Movies-AppTests.xctest */;
			productType = "com.apple.product-type.bundle.unit-test";
		};
		81F98AE52D9ABD5B000E90BD /* Movies-AppUITests */ = {
			isa = PBXNativeTarget;
			buildConfigurationList = 81F98AF62D9ABD5B000E90BD /* Build configuration list for PBXNativeTarget "Movies-AppUITests" */;
			buildPhases = (
				81F98AE22D9ABD5B000E90BD /* Sources */,
				81F98AE32D9ABD5B000E90BD /* Frameworks */,
				81F98AE42D9ABD5B000E90BD /* Resources */,
			);
			buildRules = (
			);
			dependencies = (
				81F98AE82D9ABD5B000E90BD /* PBXTargetDependency */,
			);
			fileSystemSynchronizedGroups = (
				81F98AE92D9ABD5B000E90BD /* Movies-AppUITests */,
			);
			name = "Movies-AppUITests";
			packageProductDependencies = (
			);
			productName = "Movies-AppUITests";
			productReference = 81F98AE62D9ABD5B000E90BD /* Movies-AppUITests.xctest */;
			productType = "com.apple.product-type.bundle.ui-testing";
		};
/* End PBXNativeTarget section */

/* Begin PBXProject section */
		81F98AC42D9ABD59000E90BD /* Project object */ = {
			isa = PBXProject;
			attributes = {
				BuildIndependentTargetsInParallel = 1;
				LastSwiftUpdateCheck = 1620;
				LastUpgradeCheck = 1620;
				TargetAttributes = {
					81F98ACB2D9ABD59000E90BD = {
						CreatedOnToolsVersion = 16.2;
					};
					81F98ADB2D9ABD5B000E90BD = {
						CreatedOnToolsVersion = 16.2;
						TestTargetID = 81F98ACB2D9ABD59000E90BD;
					};
					81F98AE52D9ABD5B000E90BD = {
						CreatedOnToolsVersion = 16.2;
						TestTargetID = 81F98ACB2D9ABD59000E90BD;
					};
				};
			};
			buildConfigurationList = 81F98AC72D9ABD59000E90BD /* Build configuration list for PBXProject "Movies-App" */;
			developmentRegion = en;
			hasScannedForEncodings = 0;
			knownRegions = (
				en,
				Base,
			);
			mainGroup = 81F98AC32D9ABD59000E90BD;
			minimizedProjectReferenceProxies = 1;
			preferredProjectObjectVersion = 77;
			productRefGroup = 81F98ACD2D9ABD59000E90BD /* Products */;
			projectDirPath = "";
			projectRoot = "";
			targets = (
				81F98ACB2D9ABD59000E90BD /* Movies-App */,
				81F98ADB2D9ABD5B000E90BD /* Movies-AppTests */,
				81F98AE52D9ABD5B000E90BD /* Movies-AppUITests */,
			);
		};
/* End PBXProject section */

/* Begin PBXResourcesBuildPhase section */
		81F98ACA2D9ABD59000E90BD /* Resources */ = {
			isa = PBXResourcesBuildPhase;
			buildActionMask = 2147483647;
			files = (
			);
			runOnlyForDeploymentPostprocessing = 0;
		};
		81F98ADA2D9ABD5B000E90BD /* Resources */ = {
			isa = PBXResourcesBuildPhase;
			buildActionMask = 2147483647;
			files = (
			);
			runOnlyForDeploymentPostprocessing = 0;
		};
		81F98AE42D9ABD5B000E90BD /* Resources */ = {
			isa = PBXResourcesBuildPhase;
			buildActionMask = 2147483647;
			files = (
			);
			runOnlyForDeploymentPostprocessing = 0;
		};
/* End PBXResourcesBuildPhase section */

/* Begin PBXSourcesBuildPhase section */
		81F98AC82D9ABD59000E90BD /* Sources */ = {
			isa = PBXSourcesBuildPhase;
			buildActionMask = 2147483647;
			files = (
			);
			runOnlyForDeploymentPostprocessing = 0;
		};
		81F98AD82D9ABD5B000E90BD /* Sources */ = {
			isa = PBXSourcesBuildPhase;
			buildActionMask = 2147483647;
			files = (
			);
			runOnlyForDeploymentPostprocessing = 0;
		};
		81F98AE22D9ABD5B000E90BD /* Sources */ = {
			isa = PBXSourcesBuildPhase;
			buildActionMask = 2147483647;
			files = (
			);
			runOnlyForDeploymentPostprocessing = 0;
		};
/* End PBXSourcesBuildPhase section */

/* Begin PBXTargetDependency section */
		81F98ADE2D9ABD5B000E90BD /* PBXTargetDependency */ = {
			isa = PBXTargetDependency;
			target = 81F98ACB2D9ABD59000E90BD /* Movies-App */;
			targetProxy = 81F98ADD2D9ABD5B000E90BD /* PBXContainerItemProxy */;
		};
		81F98AE82D9ABD5B000E90BD /* PBXTargetDependency */ = {
			isa = PBXTargetDependency;
			target = 81F98ACB2D9ABD59000E90BD /* Movies-App */;
			targetProxy = 81F98AE72D9ABD5B000E90BD /* PBXContainerItemProxy */;
		};
/* End PBXTargetDependency section */

/* Begin XCBuildConfiguration section */
		81F98AEE2D9ABD5B000E90BD /* Debug */ = {
			isa = XCBuildConfiguration;
			buildSettings = {
				ALWAYS_SEARCH_USER_PATHS = NO;
				ASSETCATALOG_COMPILER_GENERATE_SWIFT_ASSET_SYMBOL_EXTENSIONS = YES;
				CLANG_ANALYZER_NONNULL = YES;
				CLANG_ANALYZER_NUMBER_OBJECT_CONVERSION = YES_AGGRESSIVE;
				CLANG_CXX_LANGUAGE_STANDARD = "gnu++20";
				CLANG_ENABLE_MODULES = YES;
				CLANG_ENABLE_OBJC_ARC = YES;
				CLANG_ENABLE_OBJC_WEAK = YES;
				CLANG_WARN_BLOCK_CAPTURE_AUTORELEASING = YES;
				CLANG_WARN_BOOL_CONVERSION = YES;
				CLANG_WARN_COMMA = YES;
				CLANG_WARN_CONSTANT_CONVERSION = YES;
				CLANG_WARN_DEPRECATED_OBJC_IMPLEMENTATIONS = YES;
				CLANG_WARN_DIRECT_OBJC_ISA_USAGE = YES_ERROR;
				CLANG_WARN_DOCUMENTATION_COMMENTS = YES;
				CLANG_WARN_EMPTY_BODY = YES;
				CLANG_WARN_ENUM_CONVERSION = YES;
				CLANG_WARN_INFINITE_RECURSION = YES;
				CLANG_WARN_INT_CONVERSION = YES;
				CLANG_WARN_NON_LITERAL_NULL_CONVERSION = YES;
				CLANG_WARN_OBJC_IMPLICIT_RETAIN_SELF = YES;
				CLANG_WARN_OBJC_LITERAL_CONVERSION = YES;
				CLANG_WARN_OBJC_ROOT_CLASS = YES_ERROR;
				CLANG_WARN_QUOTED_INCLUDE_IN_FRAMEWORK_HEADER = YES;
				CLANG_WARN_RANGE_LOOP_ANALYSIS = YES;
				CLANG_WARN_STRICT_PROTOTYPES = YES;
				CLANG_WARN_SUSPICIOUS_MOVE = YES;
				CLANG_WARN_UNGUARDED_AVAILABILITY = YES_AGGRESSIVE;
				CLANG_WARN_UNREACHABLE_CODE = YES;
				CLANG_WARN__DUPLICATE_METHOD_MATCH = YES;
				COPY_PHASE_STRIP = NO;
				DEBUG_INFORMATION_FORMAT = dwarf;
				ENABLE_STRICT_OBJC_MSGSEND = YES;
				ENABLE_TESTABILITY = YES;
				ENABLE_USER_SCRIPT_SANDBOXING = YES;
				GCC_C_LANGUAGE_STANDARD = gnu17;
				GCC_DYNAMIC_NO_PIC = NO;
				GCC_NO_COMMON_BLOCKS = YES;
				GCC_OPTIMIZATION_LEVEL = 0;
				GCC_PREPROCESSOR_DEFINITIONS = (
					"DEBUG=1",
					"$(inherited)",
				);
				GCC_WARN_64_TO_32_BIT_CONVERSION = YES;
				GCC_WARN_ABOUT_RETURN_TYPE = YES_ERROR;
				GCC_WARN_UNDECLARED_SELECTOR = YES;
				GCC_WARN_UNINITIALIZED_AUTOS = YES_AGGRESSIVE;
				GCC_WARN_UNUSED_FUNCTION = YES;
				GCC_WARN_UNUSED_VARIABLE = YES;
				IPHONEOS_DEPLOYMENT_TARGET = 18.2;
				LOCALIZATION_PREFERS_STRING_CATALOGS = YES;
				MTL_ENABLE_DEBUG_INFO = INCLUDE_SOURCE;
				MTL_FAST_MATH = YES;
				ONLY_ACTIVE_ARCH = YES;
				SDKROOT = iphoneos;
				SWIFT_ACTIVE_COMPILATION_CONDITIONS = "DEBUG $(inherited)";
				SWIFT_OPTIMIZATION_LEVEL = "-Onone";
			};
			name = Debug;
		};
		81F98AEF2D9ABD5B000E90BD /* Release */ = {
			isa = XCBuildConfiguration;
			buildSettings = {
				ALWAYS_SEARCH_USER_PATHS = NO;
				ASSETCATALOG_COMPILER_GENERATE_SWIFT_ASSET_SYMBOL_EXTENSIONS = YES;
				CLANG_ANALYZER_NONNULL = YES;
				CLANG_ANALYZER_NUMBER_OBJECT_CONVERSION = YES_AGGRESSIVE;
				CLANG_CXX_LANGUAGE_STANDARD = "gnu++20";
				CLANG_ENABLE_MODULES = YES;
				CLANG_ENABLE_OBJC_ARC = YES;
				CLANG_ENABLE_OBJC_WEAK = YES;
				CLANG_WARN_BLOCK_CAPTURE_AUTORELEASING = YES;
				CLANG_WARN_BOOL_CONVERSION = YES;
				CLANG_WARN_COMMA = YES;
				CLANG_WARN_CONSTANT_CONVERSION = YES;
				CLANG_WARN_DEPRECATED_OBJC_IMPLEMENTATIONS = YES;
				CLANG_WARN_DIRECT_OBJC_ISA_USAGE = YES_ERROR;
				CLANG_WARN_DOCUMENTATION_COMMENTS = YES;
				CLANG_WARN_EMPTY_BODY = YES;
				CLANG_WARN_ENUM_CONVERSION = YES;
				CLANG_WARN_INFINITE_RECURSION = YES;
				CLANG_WARN_INT_CONVERSION = YES;
				CLANG_WARN_NON_LITERAL_NULL_CONVERSION = YES;
				CLANG_WARN_OBJC_IMPLICIT_RETAIN_SELF = YES;
				CLANG_WARN_OBJC_LITERAL_CONVERSION = YES;
				CLANG_WARN_OBJC_ROOT_CLASS = YES_ERROR;
				CLANG_WARN_QUOTED_INCLUDE_IN_FRAMEWORK_HEADER = YES;
				CLANG_WARN_RANGE_LOOP_ANALYSIS = YES;
				CLANG_WARN_STRICT_PROTOTYPES = YES;
				CLANG_WARN_SUSPICIOUS_MOVE = YES;
				CLANG_WARN_UNGUARDED_AVAILABILITY = YES_AGGRESSIVE;
				CLANG_WARN_UNREACHABLE_CODE = YES;
				CLANG_WARN__DUPLICATE_METHOD_MATCH = YES;
				COPY_PHASE_STRIP = NO;
				DEBUG_INFORMATION_FORMAT = "dwarf-with-dsym";
				ENABLE_NS_ASSERTIONS = NO;
				ENABLE_STRICT_OBJC_MSGSEND = YES;
				ENABLE_USER_SCRIPT_SANDBOXING = YES;
				GCC_C_LANGUAGE_STANDARD = gnu17;
				GCC_NO_COMMON_BLOCKS = YES;
				GCC_WARN_64_TO_32_BIT_CONVERSION = YES;
				GCC_WARN_ABOUT_RETURN_TYPE = YES_ERROR;
				GCC_WARN_UNDECLARED_SELECTOR = YES;
				GCC_WARN_UNINITIALIZED_AUTOS = YES_AGGRESSIVE;
				GCC_WARN_UNUSED_FUNCTION = YES;
				GCC_WARN_UNUSED_VARIABLE = YES;
				IPHONEOS_DEPLOYMENT_TARGET = 18.2;
				LOCALIZATION_PREFERS_STRING_CATALOGS = YES;
				MTL_ENABLE_DEBUG_INFO = NO;
				MTL_FAST_MATH = YES;
				SDKROOT = iphoneos;
				SWIFT_COMPILATION_MODE = wholemodule;
				VALIDATE_PRODUCT = YES;
			};
			name = Release;
		};
		81F98AF12D9ABD5B000E90BD /* Debug */ = {
			isa = XCBuildConfiguration;
			buildSettings = {
				ASSETCATALOG_COMPILER_APPICON_NAME = AppIcon;
				ASSETCATALOG_COMPILER_GLOBAL_ACCENT_COLOR_NAME = AccentColor;
				CODE_SIGN_STYLE = Automatic;
				CURRENT_PROJECT_VERSION = 1;
				DEVELOPMENT_ASSET_PATHS = "\"Movies-App/Preview Content\"";
				ENABLE_PREVIEWS = YES;
				GENERATE_INFOPLIST_FILE = YES;
				INFOPLIST_KEY_UIApplicationSceneManifest_Generation = YES;
				INFOPLIST_KEY_UIApplicationSupportsIndirectInputEvents = YES;
				INFOPLIST_KEY_UILaunchScreen_Generation = YES;
				INFOPLIST_KEY_UISupportedInterfaceOrientations_iPad = "UIInterfaceOrientationPortrait UIInterfaceOrientationPortraitUpsideDown UIInterfaceOrientationLandscapeLeft UIInterfaceOrientationLandscapeRight";
				INFOPLIST_KEY_UISupportedInterfaceOrientations_iPhone = "UIInterfaceOrientationPortrait UIInterfaceOrientationLandscapeLeft UIInterfaceOrientationLandscapeRight";
				LD_RUNPATH_SEARCH_PATHS = (
					"$(inherited)",
					"@executable_path/Frameworks",
				);
				MARKETING_VERSION = 1.0;
				PRODUCT_BUNDLE_IDENTIFIER = "com.-DataStructures.Movies-App";
				PRODUCT_NAME = "$(TARGET_NAME)";
				SWIFT_EMIT_LOC_STRINGS = YES;
				SWIFT_VERSION = 5.0;
				TARGETED_DEVICE_FAMILY = "1,2";
			};
			name = Debug;
		};
		81F98AF22D9ABD5B000E90BD /* Release */ = {
			isa = XCBuildConfiguration;
			buildSettings = {
				ASSETCATALOG_COMPILER_APPICON_NAME = AppIcon;
				ASSETCATALOG_COMPILER_GLOBAL_ACCENT_COLOR_NAME = AccentColor;
				CODE_SIGN_STYLE = Automatic;
				CURRENT_PROJECT_VERSION = 1;
				DEVELOPMENT_ASSET_PATHS = "\"Movies-App/Preview Content\"";
				ENABLE_PREVIEWS = YES;
				GENERATE_INFOPLIST_FILE = YES;
				INFOPLIST_KEY_UIApplicationSceneManifest_Generation = YES;
				INFOPLIST_KEY_UIApplicationSupportsIndirectInputEvents = YES;
				INFOPLIST_KEY_UILaunchScreen_Generation = YES;
				INFOPLIST_KEY_UISupportedInterfaceOrientations_iPad = "UIInterfaceOrientationPortrait UIInterfaceOrientationPortraitUpsideDown UIInterfaceOrientationLandscapeLeft UIInterfaceOrientationLandscapeRight";
				INFOPLIST_KEY_UISupportedInterfaceOrientations_iPhone = "UIInterfaceOrientationPortrait UIInterfaceOrientationLandscapeLeft UIInterfaceOrientationLandscapeRight";
				LD_RUNPATH_SEARCH_PATHS = (
					"$(inherited)",
					"@executable_path/Frameworks",
				);
				MARKETING_VERSION = 1.0;
				PRODUCT_BUNDLE_IDENTIFIER = "com.-DataStructures.Movies-App";
				PRODUCT_NAME = "$(TARGET_NAME)";
				SWIFT_EMIT_LOC_STRINGS = YES;
				SWIFT_VERSION = 5.0;
				TARGETED_DEVICE_FAMILY = "1,2";
			};
			name = Release;
		};
		81F98AF42D9ABD5B000E90BD /* Debug */ = {
			isa = XCBuildConfiguration;
			buildSettings = {
				BUNDLE_LOADER = "$(TEST_HOST)";
				CODE_SIGN_STYLE = Automatic;
				CURRENT_PROJECT_VERSION = 1;
				GENERATE_INFOPLIST_FILE = YES;
				IPHONEOS_DEPLOYMENT_TARGET = 18.2;
				MARKETING_VERSION = 1.0;
				PRODUCT_BUNDLE_IDENTIFIER = "com.-DataStructures.Movies-AppTests";
				PRODUCT_NAME = "$(TARGET_NAME)";
				SWIFT_EMIT_LOC_STRINGS = NO;
				SWIFT_VERSION = 5.0;
				TARGETED_DEVICE_FAMILY = "1,2";
				TEST_HOST = "$(BUILT_PRODUCTS_DIR)/Movies-App.app/$(BUNDLE_EXECUTABLE_FOLDER_PATH)/Movies-App";
			};
			name = Debug;
		};
		81F98AF52D9ABD5B000E90BD /* Release */ = {
			isa = XCBuildConfiguration;
			buildSettings = {
				BUNDLE_LOADER = "$(TEST_HOST)";
				CODE_SIGN_STYLE = Automatic;
				CURRENT_PROJECT_VERSION = 1;
				GENERATE_INFOPLIST_FILE = YES;
				IPHONEOS_DEPLOYMENT_TARGET = 18.2;
				MARKETING_VERSION = 1.0;
				PRODUCT_BUNDLE_IDENTIFIER = "com.-DataStructures.Movies-AppTests";
				PRODUCT_NAME = "$(TARGET_NAME)";
				SWIFT_EMIT_LOC_STRINGS = NO;
				SWIFT_VERSION = 5.0;
				TARGETED_DEVICE_FAMILY = "1,2";
				TEST_HOST = "$(BUILT_PRODUCTS_DIR)/Movies-App.app/$(BUNDLE_EXECUTABLE_FOLDER_PATH)/Movies-App";
			};
			name = Release;
		};
		81F98AF72D9ABD5B000E90BD /* Debug */ = {
			isa = XCBuildConfiguration;
			buildSettings = {
				CODE_SIGN_STYLE = Automatic;
				CURRENT_PROJECT_VERSION = 1;
				GENERATE_INFOPLIST_FILE = YES;
				MARKETING_VERSION = 1.0;
				PRODUCT_BUNDLE_IDENTIFIER = "com.-DataStructures.Movies-AppUITests";
				PRODUCT_NAME = "$(TARGET_NAME)";
				SWIFT_EMIT_LOC_STRINGS = NO;
				SWIFT_VERSION = 5.0;
				TARGETED_DEVICE_FAMILY = "1,2";
				TEST_TARGET_NAME = "Movies-App";
			};
			name = Debug;
		};
		81F98AF82D9ABD5B000E90BD /* Release */ = {
			isa = XCBuildConfiguration;
			buildSettings = {
				CODE_SIGN_STYLE = Automatic;
				CURRENT_PROJECT_VERSION = 1;
				GENERATE_INFOPLIST_FILE = YES;
				MARKETING_VERSION = 1.0;
				PRODUCT_BUNDLE_IDENTIFIER = "com.-DataStructures.Movies-AppUITests";
				PRODUCT_NAME = "$(TARGET_NAME)";
				SWIFT_EMIT_LOC_STRINGS = NO;
				SWIFT_VERSION = 5.0;
				TARGETED_DEVICE_FAMILY = "1,2";
				TEST_TARGET_NAME = "Movies-App";
			};
			name = Release;
		};
/* End XCBuildConfiguration section */

/* Begin XCConfigurationList section */
		81F98AC72D9ABD59000E90BD /* Build configuration list for PBXProject "Movies-App" */ = {
			isa = XCConfigurationList;
			buildConfigurations = (
				81F98AEE2D9ABD5B000E90BD /* Debug */,
				81F98AEF2D9ABD5B000E90BD /* Release */,
			);
			defaultConfigurationIsVisible = 0;
			defaultConfigurationName = Release;
		};
		81F98AF02D9ABD5B000E90BD /* Build configuration list for PBXNativeTarget "Movies-App" */ = {
			isa = XCConfigurationList;
			buildConfigurations = (
				81F98AF12D9ABD5B000E90BD /* Debug */,
				81F98AF22D9ABD5B000E90BD /* Release */,
			);
			defaultConfigurationIsVisible = 0;
			defaultConfigurationName = Release;
		};
		81F98AF32D9ABD5B000E90BD /* Build configuration list for PBXNativeTarget "Movies-AppTests" */ = {
			isa = XCConfigurationList;
			buildConfigurations = (
				81F98AF42D9ABD5B000E90BD /* Debug */,
				81F98AF52D9ABD5B000E90BD /* Release */,
			);
			defaultConfigurationIsVisible = 0;
			defaultConfigurationName = Release;
		};
		81F98AF62D9ABD5B000E90BD /* Build configuration list for PBXNativeTarget "Movies-AppUITests" */ = {
			isa = XCConfigurationList;
			buildConfigurations = (
				81F98AF72D9ABD5B000E90BD /* Debug */,
				81F98AF82D9ABD5B000E90BD /* Release */,
			);
			defaultConfigurationIsVisible = 0;
			defaultConfigurationName = Release;
		};
/* End XCConfigurationList section */
	};
	rootObject = 81F98AC42D9ABD59000E90BD /* Project object */;
}
